// !$*UTF8*$!
{
	archiveVersion = 1;
	classes = {
	};
	objectVersion = 77;
	objects = {

/* Begin PBXBuildFile section */
		35542A642D7F304600C0421B /* GoogleSignIn in Frameworks */ = {isa = PBXBuildFile; productRef = 35542A632D7F304600C0421B /* GoogleSignIn */; };
		35542A662D7F304600C0421B /* GoogleSignInSwift in Frameworks */ = {isa = PBXBuildFile; productRef = 35542A652D7F304600C0421B /* GoogleSignInSwift */; };
		3ED8D61A2D7B2C700029D758 /* FirebaseAnalytics in Frameworks */ = {isa = PBXBuildFile; productRef = 3ED8D6192D7B2C700029D758 /* FirebaseAnalytics */; };
		3ED8D61C2D7B2C700029D758 /* FirebaseAnalyticsOnDeviceConversion in Frameworks */ = {isa = PBXBuildFile; productRef = 3ED8D61B2D7B2C700029D758 /* FirebaseAnalyticsOnDeviceConversion */; };
		3ED8D61E2D7B2C700029D758 /* FirebaseAnalyticsWithoutAdIdSupport in Frameworks */ = {isa = PBXBuildFile; productRef = 3ED8D61D2D7B2C700029D758 /* FirebaseAnalyticsWithoutAdIdSupport */; };
		3ED8D6202D7B2C700029D758 /* FirebaseAppCheck in Frameworks */ = {isa = PBXBuildFile; productRef = 3ED8D61F2D7B2C700029D758 /* FirebaseAppCheck */; };
		3ED8D6222D7B2C700029D758 /* FirebaseAppDistribution-Beta in Frameworks */ = {isa = PBXBuildFile; productRef = 3ED8D6212D7B2C700029D758 /* FirebaseAppDistribution-Beta */; };
		3ED8D6242D7B2C700029D758 /* FirebaseAuth in Frameworks */ = {isa = PBXBuildFile; productRef = 3ED8D6232D7B2C700029D758 /* FirebaseAuth */; };
		3ED8D6262D7B2C700029D758 /* FirebaseAuthCombine-Community in Frameworks */ = {isa = PBXBuildFile; productRef = 3ED8D6252D7B2C700029D758 /* FirebaseAuthCombine-Community */; };
		3ED8D6282D7B2C700029D758 /* FirebaseCore in Frameworks */ = {isa = PBXBuildFile; productRef = 3ED8D6272D7B2C700029D758 /* FirebaseCore */; };
		3ED8D62A2D7B2C700029D758 /* FirebaseCrashlytics in Frameworks */ = {isa = PBXBuildFile; productRef = 3ED8D6292D7B2C700029D758 /* FirebaseCrashlytics */; };
		3ED8D62C2D7B2C700029D758 /* FirebaseDatabase in Frameworks */ = {isa = PBXBuildFile; productRef = 3ED8D62B2D7B2C700029D758 /* FirebaseDatabase */; };
		3ED8D62E2D7B2C700029D758 /* FirebaseDynamicLinks in Frameworks */ = {isa = PBXBuildFile; productRef = 3ED8D62D2D7B2C700029D758 /* FirebaseDynamicLinks */; };
		3ED8D6302D7B2C700029D758 /* FirebaseFirestore in Frameworks */ = {isa = PBXBuildFile; productRef = 3ED8D62F2D7B2C700029D758 /* FirebaseFirestore */; };
		3ED8D6322D7B2C700029D758 /* FirebaseFirestoreCombine-Community in Frameworks */ = {isa = PBXBuildFile; productRef = 3ED8D6312D7B2C700029D758 /* FirebaseFirestoreCombine-Community */; };
		3ED8D6342D7B2C700029D758 /* FirebaseFunctions in Frameworks */ = {isa = PBXBuildFile; productRef = 3ED8D6332D7B2C700029D758 /* FirebaseFunctions */; };
		3ED8D6362D7B2C700029D758 /* FirebaseFunctionsCombine-Community in Frameworks */ = {isa = PBXBuildFile; productRef = 3ED8D6352D7B2C700029D758 /* FirebaseFunctionsCombine-Community */; };
		3ED8D6382D7B2C700029D758 /* FirebaseInAppMessaging-Beta in Frameworks */ = {isa = PBXBuildFile; productRef = 3ED8D6372D7B2C700029D758 /* FirebaseInAppMessaging-Beta */; };
		3ED8D63A2D7B2C700029D758 /* FirebaseInstallations in Frameworks */ = {isa = PBXBuildFile; productRef = 3ED8D6392D7B2C700029D758 /* FirebaseInstallations */; };
		3ED8D63C2D7B2C700029D758 /* FirebaseMessaging in Frameworks */ = {isa = PBXBuildFile; productRef = 3ED8D63B2D7B2C700029D758 /* FirebaseMessaging */; };
		3ED8D63E2D7B2C700029D758 /* FirebaseMLModelDownloader in Frameworks */ = {isa = PBXBuildFile; productRef = 3ED8D63D2D7B2C700029D758 /* FirebaseMLModelDownloader */; };
		3ED8D6402D7B2C700029D758 /* FirebasePerformance in Frameworks */ = {isa = PBXBuildFile; productRef = 3ED8D63F2D7B2C700029D758 /* FirebasePerformance */; };
		3ED8D6422D7B2C700029D758 /* FirebaseRemoteConfig in Frameworks */ = {isa = PBXBuildFile; productRef = 3ED8D6412D7B2C700029D758 /* FirebaseRemoteConfig */; };
		3ED8D6442D7B2C700029D758 /* FirebaseStorage in Frameworks */ = {isa = PBXBuildFile; productRef = 3ED8D6432D7B2C700029D758 /* FirebaseStorage */; };
		3ED8D6462D7B2C700029D758 /* FirebaseStorageCombine-Community in Frameworks */ = {isa = PBXBuildFile; productRef = 3ED8D6452D7B2C700029D758 /* FirebaseStorageCombine-Community */; };
		3ED8D6482D7B2C700029D758 /* FirebaseVertexAI in Frameworks */ = {isa = PBXBuildFile; productRef = 3ED8D6472D7B2C700029D758 /* FirebaseVertexAI */; };
		3EF6F46B2D7B2A9500BDC818 /* GoogleGenerativeAI in Frameworks */ = {isa = PBXBuildFile; productRef = 3EF6F46A2D7B2A9500BDC818 /* GoogleGenerativeAI */; };
/* End PBXBuildFile section */

/* Begin PBXFileReference section */
		3EF6F4282D7B289300BDC818 /* NoteShare.app */ = {isa = PBXFileReference; explicitFileType = wrapper.application; includeInIndex = 0; path = NoteShare.app; sourceTree = BUILT_PRODUCTS_DIR; };
/* End PBXFileReference section */

/* Begin PBXFileSystemSynchronizedBuildFileExceptionSet section */
		3EF6F43A2D7B289400BDC818 /* Exceptions for "NoteShare" folder in "NoteShare" target */ = {
			isa = PBXFileSystemSynchronizedBuildFileExceptionSet;
			membershipExceptions = (
				Info.plist,
			);
			target = 3EF6F4272D7B289300BDC818 /* NoteShare */;
		};
/* End PBXFileSystemSynchronizedBuildFileExceptionSet section */

/* Begin PBXFileSystemSynchronizedRootGroup section */
		3EF6F42A2D7B289300BDC818 /* NoteShare */ = {
			isa = PBXFileSystemSynchronizedRootGroup;
			exceptions = (
				3EF6F43A2D7B289400BDC818 /* Exceptions for "NoteShare" folder in "NoteShare" target */,
			);
			path = NoteShare;
			sourceTree = "<group>";
		};
/* End PBXFileSystemSynchronizedRootGroup section */

/* Begin PBXFrameworksBuildPhase section */
		3EF6F4252D7B289300BDC818 /* Frameworks */ = {
			isa = PBXFrameworksBuildPhase;
			buildActionMask = 2147483647;
			files = (
				3ED8D61A2D7B2C700029D758 /* FirebaseAnalytics in Frameworks */,
				3ED8D6302D7B2C700029D758 /* FirebaseFirestore in Frameworks */,
				3ED8D61C2D7B2C700029D758 /* FirebaseAnalyticsOnDeviceConversion in Frameworks */,
				35542A642D7F304600C0421B /* GoogleSignIn in Frameworks */,
				3ED8D63A2D7B2C700029D758 /* FirebaseInstallations in Frameworks */,
				3EF6F46B2D7B2A9500BDC818 /* GoogleGenerativeAI in Frameworks */,
				3ED8D6202D7B2C700029D758 /* FirebaseAppCheck in Frameworks */,
				3ED8D6382D7B2C700029D758 /* FirebaseInAppMessaging-Beta in Frameworks */,
				3ED8D63E2D7B2C700029D758 /* FirebaseMLModelDownloader in Frameworks */,
				35542A662D7F304600C0421B /* GoogleSignInSwift in Frameworks */,
				3ED8D61E2D7B2C700029D758 /* FirebaseAnalyticsWithoutAdIdSupport in Frameworks */,
				3ED8D63C2D7B2C700029D758 /* FirebaseMessaging in Frameworks */,
				3ED8D6462D7B2C700029D758 /* FirebaseStorageCombine-Community in Frameworks */,
				3ED8D6242D7B2C700029D758 /* FirebaseAuth in Frameworks */,
				3ED8D6482D7B2C700029D758 /* FirebaseVertexAI in Frameworks */,
				3ED8D6442D7B2C700029D758 /* FirebaseStorage in Frameworks */,
				3ED8D6422D7B2C700029D758 /* FirebaseRemoteConfig in Frameworks */,
				3ED8D6362D7B2C700029D758 /* FirebaseFunctionsCombine-Community in Frameworks */,
				3ED8D6222D7B2C700029D758 /* FirebaseAppDistribution-Beta in Frameworks */,
				3ED8D62A2D7B2C700029D758 /* FirebaseCrashlytics in Frameworks */,
				3ED8D6402D7B2C700029D758 /* FirebasePerformance in Frameworks */,
				3ED8D62C2D7B2C700029D758 /* FirebaseDatabase in Frameworks */,
				3ED8D6282D7B2C700029D758 /* FirebaseCore in Frameworks */,
				3ED8D6262D7B2C700029D758 /* FirebaseAuthCombine-Community in Frameworks */,
				3ED8D6342D7B2C700029D758 /* FirebaseFunctions in Frameworks */,
				3ED8D62E2D7B2C700029D758 /* FirebaseDynamicLinks in Frameworks */,
				3ED8D6322D7B2C700029D758 /* FirebaseFirestoreCombine-Community in Frameworks */,
			);
			runOnlyForDeploymentPostprocessing = 0;
		};
/* End PBXFrameworksBuildPhase section */

/* Begin PBXGroup section */
		3ED8D5E42D7B2C500029D758 /* Frameworks */ = {
			isa = PBXGroup;
			children = (
			);
			name = Frameworks;
			sourceTree = "<group>";
		};
		3EF6F41F2D7B289300BDC818 = {
			isa = PBXGroup;
			children = (
				3EF6F42A2D7B289300BDC818 /* NoteShare */,
				3ED8D5E42D7B2C500029D758 /* Frameworks */,
				3EF6F4292D7B289300BDC818 /* Products */,
			);
			sourceTree = "<group>";
		};
		3EF6F4292D7B289300BDC818 /* Products */ = {
			isa = PBXGroup;
			children = (
				3EF6F4282D7B289300BDC818 /* NoteShare.app */,
			);
			name = Products;
			sourceTree = "<group>";
		};
/* End PBXGroup section */

/* Begin PBXNativeTarget section */
		3EF6F4272D7B289300BDC818 /* NoteShare */ = {
			isa = PBXNativeTarget;
			buildConfigurationList = 3EF6F43B2D7B289400BDC818 /* Build configuration list for PBXNativeTarget "NoteShare" */;
			buildPhases = (
				3EF6F4242D7B289300BDC818 /* Sources */,
				3EF6F4252D7B289300BDC818 /* Frameworks */,
				3EF6F4262D7B289300BDC818 /* Resources */,
			);
			buildRules = (
			);
			dependencies = (
			);
			fileSystemSynchronizedGroups = (
				3EF6F42A2D7B289300BDC818 /* NoteShare */,
			);
			name = NoteShare;
			packageProductDependencies = (
				3EF6F46A2D7B2A9500BDC818 /* GoogleGenerativeAI */,
				3ED8D6192D7B2C700029D758 /* FirebaseAnalytics */,
				3ED8D61B2D7B2C700029D758 /* FirebaseAnalyticsOnDeviceConversion */,
				3ED8D61D2D7B2C700029D758 /* FirebaseAnalyticsWithoutAdIdSupport */,
				3ED8D61F2D7B2C700029D758 /* FirebaseAppCheck */,
				3ED8D6212D7B2C700029D758 /* FirebaseAppDistribution-Beta */,
				3ED8D6232D7B2C700029D758 /* FirebaseAuth */,
				3ED8D6252D7B2C700029D758 /* FirebaseAuthCombine-Community */,
				3ED8D6272D7B2C700029D758 /* FirebaseCore */,
				3ED8D6292D7B2C700029D758 /* FirebaseCrashlytics */,
				3ED8D62B2D7B2C700029D758 /* FirebaseDatabase */,
				3ED8D62D2D7B2C700029D758 /* FirebaseDynamicLinks */,
				3ED8D62F2D7B2C700029D758 /* FirebaseFirestore */,
				3ED8D6312D7B2C700029D758 /* FirebaseFirestoreCombine-Community */,
				3ED8D6332D7B2C700029D758 /* FirebaseFunctions */,
				3ED8D6352D7B2C700029D758 /* FirebaseFunctionsCombine-Community */,
				3ED8D6372D7B2C700029D758 /* FirebaseInAppMessaging-Beta */,
				3ED8D6392D7B2C700029D758 /* FirebaseInstallations */,
				3ED8D63B2D7B2C700029D758 /* FirebaseMessaging */,
				3ED8D63D2D7B2C700029D758 /* FirebaseMLModelDownloader */,
				3ED8D63F2D7B2C700029D758 /* FirebasePerformance */,
				3ED8D6412D7B2C700029D758 /* FirebaseRemoteConfig */,
				3ED8D6432D7B2C700029D758 /* FirebaseStorage */,
				3ED8D6452D7B2C700029D758 /* FirebaseStorageCombine-Community */,
				3ED8D6472D7B2C700029D758 /* FirebaseVertexAI */,
				35542A632D7F304600C0421B /* GoogleSignIn */,
				35542A652D7F304600C0421B /* GoogleSignInSwift */,
			);
			productName = NoteShare;
			productReference = 3EF6F4282D7B289300BDC818 /* NoteShare.app */;
			productType = "com.apple.product-type.application";
		};
/* End PBXNativeTarget section */

/* Begin PBXProject section */
		3EF6F4202D7B289300BDC818 /* Project object */ = {
			isa = PBXProject;
			attributes = {
				BuildIndependentTargetsInParallel = 1;
				LastSwiftUpdateCheck = 1620;
				LastUpgradeCheck = 1620;
				TargetAttributes = {
					3EF6F4272D7B289300BDC818 = {
						CreatedOnToolsVersion = 16.2;
					};
				};
			};
			buildConfigurationList = 3EF6F4232D7B289300BDC818 /* Build configuration list for PBXProject "NoteShare" */;
			developmentRegion = en;
			hasScannedForEncodings = 0;
			knownRegions = (
				en,
				Base,
			);
			mainGroup = 3EF6F41F2D7B289300BDC818;
			minimizedProjectReferenceProxies = 1;
			packageReferences = (
				3EF6F4682D7B2A8400BDC818 /* XCRemoteSwiftPackageReference "firebase-ios-sdk" */,
				3EF6F4692D7B2A9500BDC818 /* XCRemoteSwiftPackageReference "generative-ai-swift" */,
				35542A622D7F304600C0421B /* XCRemoteSwiftPackageReference "GoogleSignIn-iOS" */,
			);
			preferredProjectObjectVersion = 77;
			productRefGroup = 3EF6F4292D7B289300BDC818 /* Products */;
			projectDirPath = "";
			projectRoot = "";
			targets = (
				3EF6F4272D7B289300BDC818 /* NoteShare */,
			);
		};
/* End PBXProject section */

/* Begin PBXResourcesBuildPhase section */
		3EF6F4262D7B289300BDC818 /* Resources */ = {
			isa = PBXResourcesBuildPhase;
			buildActionMask = 2147483647;
			files = (
			);
			runOnlyForDeploymentPostprocessing = 0;
		};
/* End PBXResourcesBuildPhase section */

/* Begin PBXSourcesBuildPhase section */
		3EF6F4242D7B289300BDC818 /* Sources */ = {
			isa = PBXSourcesBuildPhase;
			buildActionMask = 2147483647;
			files = (
			);
			runOnlyForDeploymentPostprocessing = 0;
		};
/* End PBXSourcesBuildPhase section */

/* Begin XCBuildConfiguration section */
		3EF6F43C2D7B289400BDC818 /* Debug */ = {
			isa = XCBuildConfiguration;
			buildSettings = {
				ASSETCATALOG_COMPILER_APPICON_NAME = AppIcon;
				ASSETCATALOG_COMPILER_GLOBAL_ACCENT_COLOR_NAME = AccentColor;
				CODE_SIGN_STYLE = Automatic;
				CURRENT_PROJECT_VERSION = 1;
				DEVELOPMENT_TEAM = 5376TVFH57;
				GENERATE_INFOPLIST_FILE = YES;
				INFOPLIST_FILE = NoteShare/Info.plist;
				INFOPLIST_KEY_CFBundleDisplayName = NoteShare;
				INFOPLIST_KEY_LSApplicationCategoryType = "public.app-category.education";
				INFOPLIST_KEY_UIApplicationSupportsIndirectInputEvents = YES;
				INFOPLIST_KEY_UILaunchStoryboardName = LaunchScreen;
				INFOPLIST_KEY_UISupportedInterfaceOrientations_iPad = "UIInterfaceOrientationPortrait UIInterfaceOrientationPortraitUpsideDown UIInterfaceOrientationLandscapeLeft UIInterfaceOrientationLandscapeRight";
				INFOPLIST_KEY_UISupportedInterfaceOrientations_iPhone = "UIInterfaceOrientationPortrait UIInterfaceOrientationLandscapeLeft UIInterfaceOrientationLandscapeRight";
				LD_RUNPATH_SEARCH_PATHS = (
					"$(inherited)",
					"@executable_path/Frameworks",
				);
				MARKETING_VERSION = 1.2;
				PRODUCT_BUNDLE_IDENTIFIER = com.example.NoteShare;
				PRODUCT_NAME = "$(TARGET_NAME)";
				SWIFT_EMIT_LOC_STRINGS = YES;
				SWIFT_VERSION = 5.0;
				TARGETED_DEVICE_FAMILY = "1,2";
			};
			name = Debug;
		};
		3EF6F43D2D7B289400BDC818 /* Release */ = {
			isa = XCBuildConfiguration;
			buildSettings = {
				ASSETCATALOG_COMPILER_APPICON_NAME = AppIcon;
				ASSETCATALOG_COMPILER_GLOBAL_ACCENT_COLOR_NAME = AccentColor;
				CODE_SIGN_STYLE = Automatic;
				CURRENT_PROJECT_VERSION = 1;
				DEVELOPMENT_TEAM = 5376TVFH57;
				ENABLE_TESTABILITY = NO;
				GENERATE_INFOPLIST_FILE = YES;
				INFOPLIST_FILE = NoteShare/Info.plist;
				INFOPLIST_KEY_CFBundleDisplayName = NoteShare;
				INFOPLIST_KEY_LSApplicationCategoryType = "public.app-category.education";
				INFOPLIST_KEY_UIApplicationSupportsIndirectInputEvents = YES;
				INFOPLIST_KEY_UILaunchStoryboardName = LaunchScreen;
				INFOPLIST_KEY_UISupportedInterfaceOrientations_iPad = "UIInterfaceOrientationPortrait UIInterfaceOrientationPortraitUpsideDown UIInterfaceOrientationLandscapeLeft UIInterfaceOrientationLandscapeRight";
				INFOPLIST_KEY_UISupportedInterfaceOrientations_iPhone = "UIInterfaceOrientationPortrait UIInterfaceOrientationLandscapeLeft UIInterfaceOrientationLandscapeRight";
				LD_RUNPATH_SEARCH_PATHS = (
					"$(inherited)",
					"@executable_path/Frameworks",
				);
				MARKETING_VERSION = 1.2;
				PRODUCT_BUNDLE_IDENTIFIER = com.example.NoteShare;
				PRODUCT_NAME = "$(TARGET_NAME)";
				SWIFT_EMIT_LOC_STRINGS = YES;
				SWIFT_VERSION = 5.0;
				TARGETED_DEVICE_FAMILY = "1,2";
			};
			name = Release;
		};
		3EF6F43E2D7B289400BDC818 /* Debug */ = {
			isa = XCBuildConfiguration;
			buildSettings = {
				ALWAYS_SEARCH_USER_PATHS = NO;
				ASSETCATALOG_COMPILER_GENERATE_SWIFT_ASSET_SYMBOL_EXTENSIONS = YES;
				CLANG_ANALYZER_NONNULL = YES;
				CLANG_ANALYZER_NUMBER_OBJECT_CONVERSION = YES_AGGRESSIVE;
				CLANG_CXX_LANGUAGE_STANDARD = "gnu++20";
				CLANG_ENABLE_MODULES = YES;
				CLANG_ENABLE_OBJC_ARC = YES;
				CLANG_ENABLE_OBJC_WEAK = YES;
				CLANG_WARN_BLOCK_CAPTURE_AUTORELEASING = YES;
				CLANG_WARN_BOOL_CONVERSION = YES;
				CLANG_WARN_COMMA = YES;
				CLANG_WARN_CONSTANT_CONVERSION = YES;
				CLANG_WARN_DEPRECATED_OBJC_IMPLEMENTATIONS = YES;
				CLANG_WARN_DIRECT_OBJC_ISA_USAGE = YES_ERROR;
				CLANG_WARN_DOCUMENTATION_COMMENTS = YES;
				CLANG_WARN_EMPTY_BODY = YES;
				CLANG_WARN_ENUM_CONVERSION = YES;
				CLANG_WARN_INFINITE_RECURSION = YES;
				CLANG_WARN_INT_CONVERSION = YES;
				CLANG_WARN_NON_LITERAL_NULL_CONVERSION = YES;
				CLANG_WARN_OBJC_IMPLICIT_RETAIN_SELF = YES;
				CLANG_WARN_OBJC_LITERAL_CONVERSION = YES;
				CLANG_WARN_OBJC_ROOT_CLASS = YES_ERROR;
				CLANG_WARN_QUOTED_INCLUDE_IN_FRAMEWORK_HEADER = YES;
				CLANG_WARN_RANGE_LOOP_ANALYSIS = YES;
				CLANG_WARN_STRICT_PROTOTYPES = YES;
				CLANG_WARN_SUSPICIOUS_MOVE = YES;
				CLANG_WARN_UNGUARDED_AVAILABILITY = YES_AGGRESSIVE;
				CLANG_WARN_UNREACHABLE_CODE = YES;
				CLANG_WARN__DUPLICATE_METHOD_MATCH = YES;
				COPY_PHASE_STRIP = NO;
				DEBUG_INFORMATION_FORMAT = dwarf;
				ENABLE_STRICT_OBJC_MSGSEND = YES;
				ENABLE_TESTABILITY = YES;
				ENABLE_USER_SCRIPT_SANDBOXING = YES;
				GCC_C_LANGUAGE_STANDARD = gnu17;
				GCC_DYNAMIC_NO_PIC = NO;
				GCC_NO_COMMON_BLOCKS = YES;
				GCC_OPTIMIZATION_LEVEL = 0;
				GCC_PREPROCESSOR_DEFINITIONS = (
					"DEBUG=1",
					"$(inherited)",
				);
				GCC_WARN_64_TO_32_BIT_CONVERSION = YES;
				GCC_WARN_ABOUT_RETURN_TYPE = YES_ERROR;
				GCC_WARN_UNDECLARED_SELECTOR = YES;
				GCC_WARN_UNINITIALIZED_AUTOS = YES_AGGRESSIVE;
				GCC_WARN_UNUSED_FUNCTION = YES;
				GCC_WARN_UNUSED_VARIABLE = YES;
				IPHONEOS_DEPLOYMENT_TARGET = 18.2;
				LOCALIZATION_PREFERS_STRING_CATALOGS = YES;
				MTL_ENABLE_DEBUG_INFO = INCLUDE_SOURCE;
				MTL_FAST_MATH = YES;
				ONLY_ACTIVE_ARCH = YES;
				SDKROOT = iphoneos;
				SWIFT_ACTIVE_COMPILATION_CONDITIONS = "DEBUG $(inherited)";
				SWIFT_OPTIMIZATION_LEVEL = "-Onone";
			};
			name = Debug;
		};
		3EF6F43F2D7B289400BDC818 /* Release */ = {
			isa = XCBuildConfiguration;
			buildSettings = {
				ALWAYS_SEARCH_USER_PATHS = NO;
				ASSETCATALOG_COMPILER_GENERATE_SWIFT_ASSET_SYMBOL_EXTENSIONS = YES;
				CLANG_ANALYZER_NONNULL = YES;
				CLANG_ANALYZER_NUMBER_OBJECT_CONVERSION = YES_AGGRESSIVE;
				CLANG_CXX_LANGUAGE_STANDARD = "gnu++20";
				CLANG_ENABLE_MODULES = YES;
				CLANG_ENABLE_OBJC_ARC = YES;
				CLANG_ENABLE_OBJC_WEAK = YES;
				CLANG_WARN_BLOCK_CAPTURE_AUTORELEASING = YES;
				CLANG_WARN_BOOL_CONVERSION = YES;
				CLANG_WARN_COMMA = YES;
				CLANG_WARN_CONSTANT_CONVERSION = YES;
				CLANG_WARN_DEPRECATED_OBJC_IMPLEMENTATIONS = YES;
				CLANG_WARN_DIRECT_OBJC_ISA_USAGE = YES_ERROR;
				CLANG_WARN_DOCUMENTATION_COMMENTS = YES;
				CLANG_WARN_EMPTY_BODY = YES;
				CLANG_WARN_ENUM_CONVERSION = YES;
				CLANG_WARN_INFINITE_RECURSION = YES;
				CLANG_WARN_INT_CONVERSION = YES;
				CLANG_WARN_NON_LITERAL_NULL_CONVERSION = YES;
				CLANG_WARN_OBJC_IMPLICIT_RETAIN_SELF = YES;
				CLANG_WARN_OBJC_LITERAL_CONVERSION = YES;
				CLANG_WARN_OBJC_ROOT_CLASS = YES_ERROR;
				CLANG_WARN_QUOTED_INCLUDE_IN_FRAMEWORK_HEADER = YES;
				CLANG_WARN_RANGE_LOOP_ANALYSIS = YES;
				CLANG_WARN_STRICT_PROTOTYPES = YES;
				CLANG_WARN_SUSPICIOUS_MOVE = YES;
				CLANG_WARN_UNGUARDED_AVAILABILITY = YES_AGGRESSIVE;
				CLANG_WARN_UNREACHABLE_CODE = YES;
				CLANG_WARN__DUPLICATE_METHOD_MATCH = YES;
				COPY_PHASE_STRIP = NO;
				DEBUG_INFORMATION_FORMAT = "dwarf-with-dsym";
				ENABLE_NS_ASSERTIONS = NO;
				ENABLE_STRICT_OBJC_MSGSEND = YES;
				ENABLE_USER_SCRIPT_SANDBOXING = YES;
				GCC_C_LANGUAGE_STANDARD = gnu17;
				GCC_NO_COMMON_BLOCKS = YES;
				GCC_WARN_64_TO_32_BIT_CONVERSION = YES;
				GCC_WARN_ABOUT_RETURN_TYPE = YES_ERROR;
				GCC_WARN_UNDECLARED_SELECTOR = YES;
				GCC_WARN_UNINITIALIZED_AUTOS = YES_AGGRESSIVE;
				GCC_WARN_UNUSED_FUNCTION = YES;
				GCC_WARN_UNUSED_VARIABLE = YES;
				IPHONEOS_DEPLOYMENT_TARGET = 18.2;
				LOCALIZATION_PREFERS_STRING_CATALOGS = YES;
				MTL_ENABLE_DEBUG_INFO = NO;
				MTL_FAST_MATH = YES;
				SDKROOT = iphoneos;
				SWIFT_COMPILATION_MODE = wholemodule;
				VALIDATE_PRODUCT = YES;
			};
			name = Release;
		};
/* End XCBuildConfiguration section */

/* Begin XCConfigurationList section */
		3EF6F4232D7B289300BDC818 /* Build configuration list for PBXProject "NoteShare" */ = {
			isa = XCConfigurationList;
			buildConfigurations = (
				3EF6F43E2D7B289400BDC818 /* Debug */,
				3EF6F43F2D7B289400BDC818 /* Release */,
			);
			defaultConfigurationIsVisible = 0;
			defaultConfigurationName = Release;
		};
		3EF6F43B2D7B289400BDC818 /* Build configuration list for PBXNativeTarget "NoteShare" */ = {
			isa = XCConfigurationList;
			buildConfigurations = (
				3EF6F43C2D7B289400BDC818 /* Debug */,
				3EF6F43D2D7B289400BDC818 /* Release */,
			);
			defaultConfigurationIsVisible = 0;
			defaultConfigurationName = Release;
		};
/* End XCConfigurationList section */

/* Begin XCRemoteSwiftPackageReference section */
		35542A622D7F304600C0421B /* XCRemoteSwiftPackageReference "GoogleSignIn-iOS" */ = {
			isa = XCRemoteSwiftPackageReference;
			repositoryURL = "https://github.com/google/GoogleSignIn-iOS";
			requirement = {
				kind = upToNextMajorVersion;
				minimumVersion = 8.0.0;
			};
		};
		3EF6F4682D7B2A8400BDC818 /* XCRemoteSwiftPackageReference "firebase-ios-sdk" */ = {
			isa = XCRemoteSwiftPackageReference;
			repositoryURL = "https://github.com/firebase/firebase-ios-sdk";
			requirement = {
				kind = upToNextMajorVersion;
				minimumVersion = 11.9.0;
			};
		};
		3EF6F4692D7B2A9500BDC818 /* XCRemoteSwiftPackageReference "generative-ai-swift" */ = {
			isa = XCRemoteSwiftPackageReference;
			repositoryURL = "https://github.com/google-gemini/generative-ai-swift";
			requirement = {
				kind = upToNextMajorVersion;
				minimumVersion = 0.5.6;
			};
		};
/* End XCRemoteSwiftPackageReference section */

/* Begin XCSwiftPackageProductDependency section */
		35542A632D7F304600C0421B /* GoogleSignIn */ = {
			isa = XCSwiftPackageProductDependency;
			package = 35542A622D7F304600C0421B /* XCRemoteSwiftPackageReference "GoogleSignIn-iOS" */;
			productName = GoogleSignIn;
		};
		35542A652D7F304600C0421B /* GoogleSignInSwift */ = {
			isa = XCSwiftPackageProductDependency;
			package = 35542A622D7F304600C0421B /* XCRemoteSwiftPackageReference "GoogleSignIn-iOS" */;
			productName = GoogleSignInSwift;
		};
		3ED8D6192D7B2C700029D758 /* FirebaseAnalytics */ = {
			isa = XCSwiftPackageProductDependency;
			package = 3EF6F4682D7B2A8400BDC818 /* XCRemoteSwiftPackageReference "firebase-ios-sdk" */;
			productName = FirebaseAnalytics;
		};
		3ED8D61B2D7B2C700029D758 /* FirebaseAnalyticsOnDeviceConversion */ = {
			isa = XCSwiftPackageProductDependency;
			package = 3EF6F4682D7B2A8400BDC818 /* XCRemoteSwiftPackageReference "firebase-ios-sdk" */;
			productName = FirebaseAnalyticsOnDeviceConversion;
		};
		3ED8D61D2D7B2C700029D758 /* FirebaseAnalyticsWithoutAdIdSupport */ = {
			isa = XCSwiftPackageProductDependency;
			package = 3EF6F4682D7B2A8400BDC818 /* XCRemoteSwiftPackageReference "firebase-ios-sdk" */;
			productName = FirebaseAnalyticsWithoutAdIdSupport;
		};
		3ED8D61F2D7B2C700029D758 /* FirebaseAppCheck */ = {
			isa = XCSwiftPackageProductDependency;
			package = 3EF6F4682D7B2A8400BDC818 /* XCRemoteSwiftPackageReference "firebase-ios-sdk" */;
			productName = FirebaseAppCheck;
		};
		3ED8D6212D7B2C700029D758 /* FirebaseAppDistribution-Beta */ = {
			isa = XCSwiftPackageProductDependency;
			package = 3EF6F4682D7B2A8400BDC818 /* XCRemoteSwiftPackageReference "firebase-ios-sdk" */;
			productName = "FirebaseAppDistribution-Beta";
		};
		3ED8D6232D7B2C700029D758 /* FirebaseAuth */ = {
			isa = XCSwiftPackageProductDependency;
			package = 3EF6F4682D7B2A8400BDC818 /* XCRemoteSwiftPackageReference "firebase-ios-sdk" */;
			productName = FirebaseAuth;
		};
		3ED8D6252D7B2C700029D758 /* FirebaseAuthCombine-Community */ = {
			isa = XCSwiftPackageProductDependency;
			package = 3EF6F4682D7B2A8400BDC818 /* XCRemoteSwiftPackageReference "firebase-ios-sdk" */;
			productName = "FirebaseAuthCombine-Community";
		};
		3ED8D6272D7B2C700029D758 /* FirebaseCore */ = {
			isa = XCSwiftPackageProductDependency;
			package = 3EF6F4682D7B2A8400BDC818 /* XCRemoteSwiftPackageReference "firebase-ios-sdk" */;
			productName = FirebaseCore;
		};
		3ED8D6292D7B2C700029D758 /* FirebaseCrashlytics */ = {
			isa = XCSwiftPackageProductDependency;
			package = 3EF6F4682D7B2A8400BDC818 /* XCRemoteSwiftPackageReference "firebase-ios-sdk" */;
			productName = FirebaseCrashlytics;
		};
		3ED8D62B2D7B2C700029D758 /* FirebaseDatabase */ = {
			isa = XCSwiftPackageProductDependency;
			package = 3EF6F4682D7B2A8400BDC818 /* XCRemoteSwiftPackageReference "firebase-ios-sdk" */;
			productName = FirebaseDatabase;
		};
		3ED8D62D2D7B2C700029D758 /* FirebaseDynamicLinks */ = {
			isa = XCSwiftPackageProductDependency;
			package = 3EF6F4682D7B2A8400BDC818 /* XCRemoteSwiftPackageReference "firebase-ios-sdk" */;
			productName = FirebaseDynamicLinks;
		};
		3ED8D62F2D7B2C700029D758 /* FirebaseFirestore */ = {
			isa = XCSwiftPackageProductDependency;
			package = 3EF6F4682D7B2A8400BDC818 /* XCRemoteSwiftPackageReference "firebase-ios-sdk" */;
			productName = FirebaseFirestore;
		};
		3ED8D6312D7B2C700029D758 /* FirebaseFirestoreCombine-Community */ = {
			isa = XCSwiftPackageProductDependency;
			package = 3EF6F4682D7B2A8400BDC818 /* XCRemoteSwiftPackageReference "firebase-ios-sdk" */;
			productName = "FirebaseFirestoreCombine-Community";
		};
		3ED8D6332D7B2C700029D758 /* FirebaseFunctions */ = {
			isa = XCSwiftPackageProductDependency;
			package = 3EF6F4682D7B2A8400BDC818 /* XCRemoteSwiftPackageReference "firebase-ios-sdk" */;
			productName = FirebaseFunctions;
		};
		3ED8D6352D7B2C700029D758 /* FirebaseFunctionsCombine-Community */ = {
			isa = XCSwiftPackageProductDependency;
			package = 3EF6F4682D7B2A8400BDC818 /* XCRemoteSwiftPackageReference "firebase-ios-sdk" */;
			productName = "FirebaseFunctionsCombine-Community";
		};
		3ED8D6372D7B2C700029D758 /* FirebaseInAppMessaging-Beta */ = {
			isa = XCSwiftPackageProductDependency;
			package = 3EF6F4682D7B2A8400BDC818 /* XCRemoteSwiftPackageReference "firebase-ios-sdk" */;
			productName = "FirebaseInAppMessaging-Beta";
		};
		3ED8D6392D7B2C700029D758 /* FirebaseInstallations */ = {
			isa = XCSwiftPackageProductDependency;
			package = 3EF6F4682D7B2A8400BDC818 /* XCRemoteSwiftPackageReference "firebase-ios-sdk" */;
			productName = FirebaseInstallations;
		};
		3ED8D63B2D7B2C700029D758 /* FirebaseMessaging */ = {
			isa = XCSwiftPackageProductDependency;
			package = 3EF6F4682D7B2A8400BDC818 /* XCRemoteSwiftPackageReference "firebase-ios-sdk" */;
			productName = FirebaseMessaging;
		};
		3ED8D63D2D7B2C700029D758 /* FirebaseMLModelDownloader */ = {
			isa = XCSwiftPackageProductDependency;
			package = 3EF6F4682D7B2A8400BDC818 /* XCRemoteSwiftPackageReference "firebase-ios-sdk" */;
			productName = FirebaseMLModelDownloader;
		};
		3ED8D63F2D7B2C700029D758 /* FirebasePerformance */ = {
			isa = XCSwiftPackageProductDependency;
			package = 3EF6F4682D7B2A8400BDC818 /* XCRemoteSwiftPackageReference "firebase-ios-sdk" */;
			productName = FirebasePerformance;
		};
		3ED8D6412D7B2C700029D758 /* FirebaseRemoteConfig */ = {
			isa = XCSwiftPackageProductDependency;
			package = 3EF6F4682D7B2A8400BDC818 /* XCRemoteSwiftPackageReference "firebase-ios-sdk" */;
			productName = FirebaseRemoteConfig;
		};
		3ED8D6432D7B2C700029D758 /* FirebaseStorage */ = {
			isa = XCSwiftPackageProductDependency;
			package = 3EF6F4682D7B2A8400BDC818 /* XCRemoteSwiftPackageReference "firebase-ios-sdk" */;
			productName = FirebaseStorage;
		};
		3ED8D6452D7B2C700029D758 /* FirebaseStorageCombine-Community */ = {
			isa = XCSwiftPackageProductDependency;
			package = 3EF6F4682D7B2A8400BDC818 /* XCRemoteSwiftPackageReference "firebase-ios-sdk" */;
			productName = "FirebaseStorageCombine-Community";
		};
		3ED8D6472D7B2C700029D758 /* FirebaseVertexAI */ = {
			isa = XCSwiftPackageProductDependency;
			package = 3EF6F4682D7B2A8400BDC818 /* XCRemoteSwiftPackageReference "firebase-ios-sdk" */;
			productName = FirebaseVertexAI;
		};
		3EF6F46A2D7B2A9500BDC818 /* GoogleGenerativeAI */ = {
			isa = XCSwiftPackageProductDependency;
			package = 3EF6F4692D7B2A9500BDC818 /* XCRemoteSwiftPackageReference "generative-ai-swift" */;
			productName = GoogleGenerativeAI;
		};
/* End XCSwiftPackageProductDependency section */
	};
	rootObject = 3EF6F4202D7B289300BDC818 /* Project object */;
}
